// !$*UTF8*$!
{
	archiveVersion = 1;
	classes = {
	};
	objectVersion = 46;
	objects = {

/* Begin PBXBuildFile section */
		EA9C254A1A31A90A00A51346 /* AppDelegate.swift in Sources */ = {isa = PBXBuildFile; fileRef = EA9C25491A31A90A00A51346 /* AppDelegate.swift */; };
		EA9C254C1A31A90A00A51346 /* ViewController.swift in Sources */ = {isa = PBXBuildFile; fileRef = EA9C254B1A31A90A00A51346 /* ViewController.swift */; };
		EA9C254F1A31A90A00A51346 /* Main.storyboard in Resources */ = {isa = PBXBuildFile; fileRef = EA9C254D1A31A90A00A51346 /* Main.storyboard */; };
		EA9C25511A31A90A00A51346 /* Images.xcassets in Resources */ = {isa = PBXBuildFile; fileRef = EA9C25501A31A90A00A51346 /* Images.xcassets */; };
		EA9C25541A31A90A00A51346 /* LaunchScreen.xib in Resources */ = {isa = PBXBuildFile; fileRef = EA9C25521A31A90A00A51346 /* LaunchScreen.xib */; };
		EA9C25601A31A90A00A51346 /* ControlFlowTests.swift in Sources */ = {isa = PBXBuildFile; fileRef = EA9C255F1A31A90A00A51346 /* ControlFlowTests.swift */; };
/* End PBXBuildFile section */

/* Begin PBXContainerItemProxy section */
		EA9C255A1A31A90A00A51346 /* PBXContainerItemProxy */ = {
			isa = PBXContainerItemProxy;
			containerPortal = EA9C253C1A31A90A00A51346 /* Project object */;
			proxyType = 1;
			remoteGlobalIDString = EA9C25431A31A90A00A51346;
			remoteInfo = ControlFlow;
		};
/* End PBXContainerItemProxy section */

/* Begin PBXFileReference section */
		EA9C25441A31A90A00A51346 /* ControlFlow.app */ = {isa = PBXFileReference; explicitFileType = wrapper.application; includeInIndex = 0; path = ControlFlow.app; sourceTree = BUILT_PRODUCTS_DIR; };
		EA9C25481A31A90A00A51346 /* Info.plist */ = {isa = PBXFileReference; lastKnownFileType = text.plist.xml; path = Info.plist; sourceTree = "<group>"; };
		EA9C25491A31A90A00A51346 /* AppDelegate.swift */ = {isa = PBXFileReference; lastKnownFileType = sourcecode.swift; path = AppDelegate.swift; sourceTree = "<group>"; };
		EA9C254B1A31A90A00A51346 /* ViewController.swift */ = {isa = PBXFileReference; lastKnownFileType = sourcecode.swift; path = ViewController.swift; sourceTree = "<group>"; };
		EA9C254E1A31A90A00A51346 /* Base */ = {isa = PBXFileReference; lastKnownFileType = file.storyboard; name = Base; path = Base.lproj/Main.storyboard; sourceTree = "<group>"; };
		EA9C25501A31A90A00A51346 /* Images.xcassets */ = {isa = PBXFileReference; lastKnownFileType = folder.assetcatalog; path = Images.xcassets; sourceTree = "<group>"; };
		EA9C25531A31A90A00A51346 /* Base */ = {isa = PBXFileReference; lastKnownFileType = file.xib; name = Base; path = Base.lproj/LaunchScreen.xib; sourceTree = "<group>"; };
		EA9C25591A31A90A00A51346 /* ControlFlowTests.xctest */ = {isa = PBXFileReference; explicitFileType = wrapper.cfbundle; includeInIndex = 0; path = ControlFlowTests.xctest; sourceTree = BUILT_PRODUCTS_DIR; };
		EA9C255E1A31A90A00A51346 /* Info.plist */ = {isa = PBXFileReference; lastKnownFileType = text.plist.xml; path = Info.plist; sourceTree = "<group>"; };
		EA9C255F1A31A90A00A51346 /* ControlFlowTests.swift */ = {isa = PBXFileReference; lastKnownFileType = sourcecode.swift; path = ControlFlowTests.swift; sourceTree = "<group>"; };
/* End PBXFileReference section */

/* Begin PBXFrameworksBuildPhase section */
		EA9C25411A31A90A00A51346 /* Frameworks */ = {
			isa = PBXFrameworksBuildPhase;
			buildActionMask = 2147483647;
			files = (
			);
			runOnlyForDeploymentPostprocessing = 0;
		};
		EA9C25561A31A90A00A51346 /* Frameworks */ = {
			isa = PBXFrameworksBuildPhase;
			buildActionMask = 2147483647;
			files = (
			);
			runOnlyForDeploymentPostprocessing = 0;
		};
/* End PBXFrameworksBuildPhase section */

/* Begin PBXGroup section */
		EA9C253B1A31A90A00A51346 = {
			isa = PBXGroup;
			children = (
				EA9C25461A31A90A00A51346 /* ControlFlow */,
				EA9C255C1A31A90A00A51346 /* ControlFlowTests */,
				EA9C25451A31A90A00A51346 /* Products */,
			);
			sourceTree = "<group>";
		};
		EA9C25451A31A90A00A51346 /* Products */ = {
			isa = PBXGroup;
			children = (
				EA9C25441A31A90A00A51346 /* ControlFlow.app */,
				EA9C25591A31A90A00A51346 /* ControlFlowTests.xctest */,
			);
			name = Products;
			sourceTree = "<group>";
		};
		EA9C25461A31A90A00A51346 /* ControlFlow */ = {
			isa = PBXGroup;
			children = (
				EA9C25491A31A90A00A51346 /* AppDelegate.swift */,
				EA9C254B1A31A90A00A51346 /* ViewController.swift */,
				EA9C254D1A31A90A00A51346 /* Main.storyboard */,
				EA9C25501A31A90A00A51346 /* Images.xcassets */,
				EA9C25521A31A90A00A51346 /* LaunchScreen.xib */,
				EA9C25471A31A90A00A51346 /* Supporting Files */,
			);
			path = ControlFlow;
			sourceTree = "<group>";
		};
		EA9C25471A31A90A00A51346 /* Supporting Files */ = {
			isa = PBXGroup;
			children = (
				EA9C25481A31A90A00A51346 /* Info.plist */,
			);
			name = "Supporting Files";
			sourceTree = "<group>";
		};
		EA9C255C1A31A90A00A51346 /* ControlFlowTests */ = {
			isa = PBXGroup;
			children = (
				EA9C255F1A31A90A00A51346 /* ControlFlowTests.swift */,
				EA9C255D1A31A90A00A51346 /* Supporting Files */,
			);
			path = ControlFlowTests;
			sourceTree = "<group>";
		};
		EA9C255D1A31A90A00A51346 /* Supporting Files */ = {
			isa = PBXGroup;
			children = (
				EA9C255E1A31A90A00A51346 /* Info.plist */,
			);
			name = "Supporting Files";
			sourceTree = "<group>";
		};
/* End PBXGroup section */

/* Begin PBXNativeTarget section */
		EA9C25431A31A90A00A51346 /* ControlFlow */ = {
			isa = PBXNativeTarget;
			buildConfigurationList = EA9C25631A31A90A00A51346 /* Build configuration list for PBXNativeTarget "ControlFlow" */;
			buildPhases = (
				EA9C25401A31A90A00A51346 /* Sources */,
				EA9C25411A31A90A00A51346 /* Frameworks */,
				EA9C25421A31A90A00A51346 /* Resources */,
			);
			buildRules = (
			);
			dependencies = (
			);
			name = ControlFlow;
			productName = ControlFlow;
			productReference = EA9C25441A31A90A00A51346 /* ControlFlow.app */;
			productType = "com.apple.product-type.application";
		};
		EA9C25581A31A90A00A51346 /* ControlFlowTests */ = {
			isa = PBXNativeTarget;
			buildConfigurationList = EA9C25661A31A90A00A51346 /* Build configuration list for PBXNativeTarget "ControlFlowTests" */;
			buildPhases = (
				EA9C25551A31A90A00A51346 /* Sources */,
				EA9C25561A31A90A00A51346 /* Frameworks */,
				EA9C25571A31A90A00A51346 /* Resources */,
			);
			buildRules = (
			);
			dependencies = (
				EA9C255B1A31A90A00A51346 /* PBXTargetDependency */,
			);
			name = ControlFlowTests;
			productName = ControlFlowTests;
			productReference = EA9C25591A31A90A00A51346 /* ControlFlowTests.xctest */;
			productType = "com.apple.product-type.bundle.unit-test";
		};
/* End PBXNativeTarget section */

/* Begin PBXProject section */
		EA9C253C1A31A90A00A51346 /* Project object */ = {
			isa = PBXProject;
			attributes = {
				LastUpgradeCheck = 0610;
				ORGANIZATIONNAME = HectorRios;
				TargetAttributes = {
					EA9C25431A31A90A00A51346 = {
						CreatedOnToolsVersion = 6.1.1;
					};
					EA9C25581A31A90A00A51346 = {
						CreatedOnToolsVersion = 6.1.1;
						TestTargetID = EA9C25431A31A90A00A51346;
					};
				};
			};
			buildConfigurationList = EA9C253F1A31A90A00A51346 /* Build configuration list for PBXProject "ControlFlow" */;
			compatibilityVersion = "Xcode 3.2";
			developmentRegion = English;
			hasScannedForEncodings = 0;
			knownRegions = (
				en,
				Base,
			);
			mainGroup = EA9C253B1A31A90A00A51346;
			productRefGroup = EA9C25451A31A90A00A51346 /* Products */;
			projectDirPath = "";
			projectRoot = "";
			targets = (
				EA9C25431A31A90A00A51346 /* ControlFlow */,
				EA9C25581A31A90A00A51346 /* ControlFlowTests */,
			);
		};
/* End PBXProject section */

/* Begin PBXResourcesBuildPhase section */
		EA9C25421A31A90A00A51346 /* Resources */ = {
			isa = PBXResourcesBuildPhase;
			buildActionMask = 2147483647;
			files = (
				EA9C254F1A31A90A00A51346 /* Main.storyboard in Resources */,
				EA9C25541A31A90A00A51346 /* LaunchScreen.xib in Resources */,
				EA9C25511A31A90A00A51346 /* Images.xcassets in Resources */,
			);
			runOnlyForDeploymentPostprocessing = 0;
		};
		EA9C25571A31A90A00A51346 /* Resources */ = {
			isa = PBXResourcesBuildPhase;
			buildActionMask = 2147483647;
			files = (
			);
			runOnlyForDeploymentPostprocessing = 0;
		};
/* End PBXResourcesBuildPhase section */

/* Begin PBXSourcesBuildPhase section */
		EA9C25401A31A90A00A51346 /* Sources */ = {
			isa = PBXSourcesBuildPhase;
			buildActionMask = 2147483647;
			files = (
				EA9C254C1A31A90A00A51346 /* ViewController.swift in Sources */,
				EA9C254A1A31A90A00A51346 /* AppDelegate.swift in Sources */,
			);
			runOnlyForDeploymentPostprocessing = 0;
		};
		EA9C25551A31A90A00A51346 /* Sources */ = {
			isa = PBXSourcesBuildPhase;
			buildActionMask = 2147483647;
			files = (
				EA9C25601A31A90A00A51346 /* ControlFlowTests.swift in Sources */,
			);
			runOnlyForDeploymentPostprocessing = 0;
		};
/* End PBXSourcesBuildPhase section */

/* Begin PBXTargetDependency section */
		EA9C255B1A31A90A00A51346 /* PBXTargetDependency */ = {
			isa = PBXTargetDependency;
			target = EA9C25431A31A90A00A51346 /* ControlFlow */;
			targetProxy = EA9C255A1A31A90A00A51346 /* PBXContainerItemProxy */;
		};
/* End PBXTargetDependency section */

/* Begin PBXVariantGroup section */
		EA9C254D1A31A90A00A51346 /* Main.storyboard */ = {
			isa = PBXVariantGroup;
			children = (
				EA9C254E1A31A90A00A51346 /* Base */,
			);
			name = Main.storyboard;
			sourceTree = "<group>";
		};
		EA9C25521A31A90A00A51346 /* LaunchScreen.xib */ = {
			isa = PBXVariantGroup;
			children = (
				EA9C25531A31A90A00A51346 /* Base */,
			);
			name = LaunchScreen.xib;
			sourceTree = "<group>";
		};
/* End PBXVariantGroup section */

/* Begin XCBuildConfiguration section */
		EA9C25611A31A90A00A51346 /* Debug */ = {
			isa = XCBuildConfiguration;
			buildSettings = {
				ALWAYS_SEARCH_USER_PATHS = NO;
				CLANG_CXX_LANGUAGE_STANDARD = "gnu++0x";
				CLANG_CXX_LIBRARY = "libc++";
				CLANG_ENABLE_MODULES = YES;
				CLANG_ENABLE_OBJC_ARC = YES;
				CLANG_WARN_BOOL_CONVERSION = YES;
				CLANG_WARN_CONSTANT_CONVERSION = YES;
				CLANG_WARN_DIRECT_OBJC_ISA_USAGE = YES_ERROR;
				CLANG_WARN_EMPTY_BODY = YES;
				CLANG_WARN_ENUM_CONVERSION = YES;
				CLANG_WARN_INT_CONVERSION = YES;
				CLANG_WARN_OBJC_ROOT_CLASS = YES_ERROR;
				CLANG_WARN_UNREACHABLE_CODE = YES;
				CLANG_WARN__DUPLICATE_METHOD_MATCH = YES;
				"CODE_SIGN_IDENTITY[sdk=iphoneos*]" = "iPhone Developer";
				COPY_PHASE_STRIP = NO;
				ENABLE_STRICT_OBJC_MSGSEND = YES;
				GCC_C_LANGUAGE_STANDARD = gnu99;
				GCC_DYNAMIC_NO_PIC = NO;
				GCC_OPTIMIZATION_LEVEL = 0;
				GCC_PREPROCESSOR_DEFINITIONS = (
					"DEBUG=1",
					"$(inherited)",
				);
				GCC_SYMBOLS_PRIVATE_EXTERN = NO;
				GCC_WARN_64_TO_32_BIT_CONVERSION = YES;
				GCC_WARN_ABOUT_RETURN_TYPE = YES_ERROR;
				GCC_WARN_UNDECLARED_SELECTOR = YES;
				GCC_WARN_UNINITIALIZED_AUTOS = YES_AGGRESSIVE;
				GCC_WARN_UNUSED_FUNCTION = YES;
				GCC_WARN_UNUSED_VARIABLE = YES;
				IPHONEOS_DEPLOYMENT_TARGET = 8.1;
				MTL_ENABLE_DEBUG_INFO = YES;
				ONLY_ACTIVE_ARCH = YES;
				SDKROOT = iphoneos;
				SWIFT_OPTIMIZATION_LEVEL = "-Onone";
			};
			name = Debug;
		};
		EA9C25621A31A90A00A51346 /* Release */ = {
			isa = XCBuildConfiguration;
			buildSettings = {
				ALWAYS_SEARCH_USER_PATHS = NO;
				CLANG_CXX_LANGUAGE_STANDARD = "gnu++0x";
				CLANG_CXX_LIBRARY = "libc++";
				CLANG_ENABLE_MODULES = YES;
				CLANG_ENABLE_OBJC_ARC = YES;
				CLANG_WARN_BOOL_CONVERSION = YES;
				CLANG_WARN_CONSTANT_CONVERSION = YES;
				CLANG_WARN_DIRECT_OBJC_ISA_USAGE = YES_ERROR;
				CLANG_WARN_EMPTY_BODY = YES;
				CLANG_WARN_ENUM_CONVERSION = YES;
				CLANG_WARN_INT_CONVERSION = YES;
				CLANG_WARN_OBJC_ROOT_CLASS = YES_ERROR;
				CLANG_WARN_UNREACHABLE_CODE = YES;
				CLANG_WARN__DUPLICATE_METHOD_MATCH = YES;
				"CODE_SIGN_IDENTITY[sdk=iphoneos*]" = "iPhone Developer";
				COPY_PHASE_STRIP = YES;
				ENABLE_NS_ASSERTIONS = NO;
				ENABLE_STRICT_OBJC_MSGSEND = YES;
				GCC_C_LANGUAGE_STANDARD = gnu99;
				GCC_WARN_64_TO_32_BIT_CONVERSION = YES;
				GCC_WARN_ABOUT_RETURN_TYPE = YES_ERROR;
				GCC_WARN_UNDECLARED_SELECTOR = YES;
				GCC_WARN_UNINITIALIZED_AUTOS = YES_AGGRESSIVE;
				GCC_WARN_UNUSED_FUNCTION = YES;
				GCC_WARN_UNUSED_VARIABLE = YES;
				IPHONEOS_DEPLOYMENT_TARGET = 8.1;
				MTL_ENABLE_DEBUG_INFO = NO;
				SDKROOT = iphoneos;
				VALIDATE_PRODUCT = YES;
			};
			name = Release;
		};
		EA9C25641A31A90A00A51346 /* Debug */ = {
			isa = XCBuildConfiguration;
			buildSettings = {
				ASSETCATALOG_COMPILER_APPICON_NAME = AppIcon;
				INFOPLIST_FILE = ControlFlow/Info.plist;
				LD_RUNPATH_SEARCH_PATHS = "$(inherited) @executable_path/Frameworks";
				PRODUCT_NAME = "$(TARGET_NAME)";
			};
			name = Debug;
		};
		EA9C25651A31A90A00A51346 /* Release */ = {
			isa = XCBuildConfiguration;
			buildSettings = {
				ASSETCATALOG_COMPILER_APPICON_NAME = AppIcon;
				INFOPLIST_FILE = ControlFlow/Info.plist;
				LD_RUNPATH_SEARCH_PATHS = "$(inherited) @executable_path/Frameworks";
				PRODUCT_NAME = "$(TARGET_NAME)";
			};
			name = Release;
		};
		EA9C25671A31A90A00A51346 /* Debug */ = {
			isa = XCBuildConfiguration;
			buildSettings = {
				BUNDLE_LOADER = "$(TEST_HOST)";
				FRAMEWORK_SEARCH_PATHS = (
					"$(SDKROOT)/Developer/Library/Frameworks",
					"$(inherited)",
				);
				GCC_PREPROCESSOR_DEFINITIONS = (
					"DEBUG=1",
					"$(inherited)",
				);
				INFOPLIST_FILE = ControlFlowTests/Info.plist;
				LD_RUNPATH_SEARCH_PATHS = "$(inherited) @executable_path/Frameworks @loader_path/Frameworks";
				PRODUCT_NAME = "$(TARGET_NAME)";
				TEST_HOST = "$(BUILT_PRODUCTS_DIR)/ControlFlow.app/ControlFlow";
			};
			name = Debug;
		};
		EA9C25681A31A90A00A51346 /* Release */ = {
			isa = XCBuildConfiguration;
			buildSettings = {
				BUNDLE_LOADER = "$(TEST_HOST)";
				FRAMEWORK_SEARCH_PATHS = (
					"$(SDKROOT)/Developer/Library/Frameworks",
					"$(inherited)",
				);
				INFOPLIST_FILE = ControlFlowTests/Info.plist;
				LD_RUNPATH_SEARCH_PATHS = "$(inherited) @executable_path/Frameworks @loader_path/Frameworks";
				PRODUCT_NAME = "$(TARGET_NAME)";
				TEST_HOST = "$(BUILT_PRODUCTS_DIR)/ControlFlow.app/ControlFlow";
			};
			name = Release;
		};
/* End XCBuildConfiguration section */

/* Begin XCConfigurationList section */
		EA9C253F1A31A90A00A51346 /* Build configuration list for PBXProject "ControlFlow" */ = {
			isa = XCConfigurationList;
			buildConfigurations = (
				EA9C25611A31A90A00A51346 /* Debug */,
				EA9C25621A31A90A00A51346 /* Release */,
			);
			defaultConfigurationIsVisible = 0;
			defaultConfigurationName = Release;
		};
		EA9C25631A31A90A00A51346 /* Build configuration list for PBXNativeTarget "ControlFlow" */ = {
			isa = XCConfigurationList;
			buildConfigurations = (
				EA9C25641A31A90A00A51346 /* Debug */,
				EA9C25651A31A90A00A51346 /* Release */,
			);
			defaultConfigurationIsVisible = 0;
		};
		EA9C25661A31A90A00A51346 /* Build configuration list for PBXNativeTarget "ControlFlowTests" */ = {
			isa = XCConfigurationList;
			buildConfigurations = (
				EA9C25671A31A90A00A51346 /* Debug */,
				EA9C25681A31A90A00A51346 /* Release */,
			);
			defaultConfigurationIsVisible = 0;
		};
/* End XCConfigurationList section */
	};
	rootObject = EA9C253C1A31A90A00A51346 /* Project object */;
}
